
Microsoft Visual Studio Solution File, Format Version 12.00
# Visual Studio Version 17
VisualStudioVersion = 17.0.32126.317
MinimumVisualStudioVersion = 10.0.40219.1
Project("{FAE04EC0-301F-11D3-BF4B-00C04F79EFBC}") = "SafeSender.StorageAPI", "SafeSender.StorageAPI\SafeSender.StorageAPI.csproj", "{C66E3065-C5FF-4041-9CDB-3E0347D4FE5E}"
EndProject
Global
	GlobalSection(SolutionConfigurationPlatforms) = preSolution
		Debug|Any CPU = Debug|Any CPU
		Release|Any CPU = Release|Any CPU
	EndGlobalSection
	GlobalSection(ProjectConfigurationPlatforms) = postSolution
		{C66E3065-C5FF-4041-9CDB-3E0347D4FE5E}.Debug|Any CPU.ActiveCfg = Debug|Any CPU
		{C66E3065-C5FF-4041-9CDB-3E0347D4FE5E}.Debug|Any CPU.Build.0 = Debug|Any CPU
		{C66E3065-C5FF-4041-9CDB-3E0347D4FE5E}.Release|Any CPU.ActiveCfg = Release|Any CPU
		{C66E3065-C5FF-4041-9CDB-3E0347D4FE5E}.Release|Any CPU.Build.0 = Release|Any CPU
	EndGlobalSection
	GlobalSection(SolutionProperties) = preSolution
		HideSolutionNode = FALSE
	EndGlobalSection
	GlobalSection(ExtensibilityGlobals) = postSolution
		SolutionGuid = {C891CBF4-0A7D-4A2C-9A72-E9DCF3339B3E}
	EndGlobalSection
EndGlobal
